// !$*UTF8*$!
{
	archiveVersion = 1;
	classes = {
	};
	objectVersion = 56;
	objects = {

/* Begin PBXBuildFile section */
		E7017D8E2A0FD8B600D6EEA9 /* Assets.xcassets in Resources */ = {isa = PBXBuildFile; fileRef = E7017D8D2A0FD8B600D6EEA9 /* Assets.xcassets */; };
		E7017D912A10FA6B00D6EEA9 /* ProfileViewController.swift in Sources */ = {isa = PBXBuildFile; fileRef = E7017D902A10FA6B00D6EEA9 /* ProfileViewController.swift */; };
		E72475612A0D49C400118192 /* AppDelegate.swift in Sources */ = {isa = PBXBuildFile; fileRef = E72475602A0D49C400118192 /* AppDelegate.swift */; };
		E72475632A0D49C400118192 /* SceneDelegate.swift in Sources */ = {isa = PBXBuildFile; fileRef = E72475622A0D49C400118192 /* SceneDelegate.swift */; };
		E72475772A0D4AC400118192 /* ImagesListViewController.swift in Sources */ = {isa = PBXBuildFile; fileRef = E72475752A0D4AC400118192 /* ImagesListViewController.swift */; };
		E72475782A0D4AC400118192 /* ImagesListCell.swift in Sources */ = {isa = PBXBuildFile; fileRef = E72475762A0D4AC400118192 /* ImagesListCell.swift */; };
		E724757C2A0D4B0200118192 /* LaunchScreen.storyboard in Resources */ = {isa = PBXBuildFile; fileRef = E724757B2A0D4B0200118192 /* LaunchScreen.storyboard */; };
		E768ED672A2350FE0065ADE3 /* Constants.swift in Sources */ = {isa = PBXBuildFile; fileRef = E768ED662A2350FE0065ADE3 /* Constants.swift */; };
		E7784BBB2A278CF800461FDA /* AuthViewController.swift in Sources */ = {isa = PBXBuildFile; fileRef = E7784BBA2A278CF800461FDA /* AuthViewController.swift */; };
		E7784BBE2A27969200461FDA /* WebViewViewController.swift in Sources */ = {isa = PBXBuildFile; fileRef = E7784BBD2A27969200461FDA /* WebViewViewController.swift */; };
		E7CAF4FD2A1385EE002A44A0 /* Main.storyboard in Resources */ = {isa = PBXBuildFile; fileRef = E7CAF4FF2A1385EE002A44A0 /* Main.storyboard */; };
		E7CAF5012A141ADD002A44A0 /* SingleImageViewController.swift in Sources */ = {isa = PBXBuildFile; fileRef = E7CAF5002A141ADD002A44A0 /* SingleImageViewController.swift */; };
/* End PBXBuildFile section */

/* Begin PBXFileReference section */
		E7017D8D2A0FD8B600D6EEA9 /* Assets.xcassets */ = {isa = PBXFileReference; lastKnownFileType = folder.assetcatalog; path = Assets.xcassets; sourceTree = "<group>"; };
		E7017D902A10FA6B00D6EEA9 /* ProfileViewController.swift */ = {isa = PBXFileReference; lastKnownFileType = sourcecode.swift; path = ProfileViewController.swift; sourceTree = "<group>"; };
		E724755D2A0D49C400118192 /* ImageFeed.app */ = {isa = PBXFileReference; explicitFileType = wrapper.application; includeInIndex = 0; path = ImageFeed.app; sourceTree = BUILT_PRODUCTS_DIR; };
		E72475602A0D49C400118192 /* AppDelegate.swift */ = {isa = PBXFileReference; lastKnownFileType = sourcecode.swift; path = AppDelegate.swift; sourceTree = "<group>"; };
		E72475622A0D49C400118192 /* SceneDelegate.swift */ = {isa = PBXFileReference; lastKnownFileType = sourcecode.swift; path = SceneDelegate.swift; sourceTree = "<group>"; };
		E724756E2A0D49C600118192 /* Info.plist */ = {isa = PBXFileReference; lastKnownFileType = text.plist.xml; path = Info.plist; sourceTree = "<group>"; };
		E72475752A0D4AC400118192 /* ImagesListViewController.swift */ = {isa = PBXFileReference; fileEncoding = 4; lastKnownFileType = sourcecode.swift; path = ImagesListViewController.swift; sourceTree = "<group>"; };
		E72475762A0D4AC400118192 /* ImagesListCell.swift */ = {isa = PBXFileReference; fileEncoding = 4; lastKnownFileType = sourcecode.swift; path = ImagesListCell.swift; sourceTree = "<group>"; };
		E724757B2A0D4B0200118192 /* LaunchScreen.storyboard */ = {isa = PBXFileReference; fileEncoding = 4; lastKnownFileType = file.storyboard; path = LaunchScreen.storyboard; sourceTree = "<group>"; };
		E768ED662A2350FE0065ADE3 /* Constants.swift */ = {isa = PBXFileReference; lastKnownFileType = sourcecode.swift; path = Constants.swift; sourceTree = "<group>"; };
		E7784BBA2A278CF800461FDA /* AuthViewController.swift */ = {isa = PBXFileReference; lastKnownFileType = sourcecode.swift; path = AuthViewController.swift; sourceTree = "<group>"; };
		E7784BBD2A27969200461FDA /* WebViewViewController.swift */ = {isa = PBXFileReference; lastKnownFileType = sourcecode.swift; path = WebViewViewController.swift; sourceTree = "<group>"; };
		E7CAF4FE2A1385EE002A44A0 /* Base */ = {isa = PBXFileReference; lastKnownFileType = file.storyboard; name = Base; path = Base.lproj/Main.storyboard; sourceTree = "<group>"; };
		E7CAF5002A141ADD002A44A0 /* SingleImageViewController.swift */ = {isa = PBXFileReference; lastKnownFileType = sourcecode.swift; path = SingleImageViewController.swift; sourceTree = "<group>"; };
/* End PBXFileReference section */

/* Begin PBXFrameworksBuildPhase section */
		E724755A2A0D49C400118192 /* Frameworks */ = {
			isa = PBXFrameworksBuildPhase;
			buildActionMask = 2147483647;
			files = (
			);
			runOnlyForDeploymentPostprocessing = 0;
		};
/* End PBXFrameworksBuildPhase section */

/* Begin PBXGroup section */
		E7017D8F2A10FA4A00D6EEA9 /* Profile */ = {
			isa = PBXGroup;
			children = (
				E7017D902A10FA6B00D6EEA9 /* ProfileViewController.swift */,
			);
			path = Profile;
			sourceTree = "<group>";
		};
		E72475542A0D49C400118192 = {
			isa = PBXGroup;
			children = (
				E724755F2A0D49C400118192 /* ImageFeed */,
				E724755E2A0D49C400118192 /* Products */,
			);
			sourceTree = "<group>";
		};
		E724755E2A0D49C400118192 /* Products */ = {
			isa = PBXGroup;
			children = (
				E724755D2A0D49C400118192 /* ImageFeed.app */,
			);
			name = Products;
			sourceTree = "<group>";
		};
		E724755F2A0D49C400118192 /* ImageFeed */ = {
			isa = PBXGroup;
			children = (
				E72475602A0D49C400118192 /* AppDelegate.swift */,
				E72475622A0D49C400118192 /* SceneDelegate.swift */,
				E768ED662A2350FE0065ADE3 /* Constants.swift */,
				E7784BBC2A278D0000461FDA /* Auth */,
				E7017D8F2A10FA4A00D6EEA9 /* Profile */,
				E72475742A0D4AC400118192 /* ImagesList */,
				E7CAF5022A141E80002A44A0 /* SingleImageViewController */,
				E7CAF4FF2A1385EE002A44A0 /* Main.storyboard */,
				E7017D8D2A0FD8B600D6EEA9 /* Assets.xcassets */,
				E724757B2A0D4B0200118192 /* LaunchScreen.storyboard */,
				E724756E2A0D49C600118192 /* Info.plist */,
			);
			path = ImageFeed;
			sourceTree = "<group>";
		};
		E72475742A0D4AC400118192 /* ImagesList */ = {
			isa = PBXGroup;
			children = (
				E72475752A0D4AC400118192 /* ImagesListViewController.swift */,
				E72475762A0D4AC400118192 /* ImagesListCell.swift */,
			);
			path = ImagesList;
			sourceTree = "<group>";
		};
		E7784BBC2A278D0000461FDA /* Auth */ = {
			isa = PBXGroup;
			children = (
				E7784BBA2A278CF800461FDA /* AuthViewController.swift */,
				E7784BBD2A27969200461FDA /* WebViewViewController.swift */,
			);
			path = Auth;
			sourceTree = "<group>";
		};
		E7CAF5022A141E80002A44A0 /* SingleImageViewController */ = {
			isa = PBXGroup;
			children = (
				E7CAF5002A141ADD002A44A0 /* SingleImageViewController.swift */,
			);
			path = SingleImageViewController;
			sourceTree = "<group>";
		};
/* End PBXGroup section */

/* Begin PBXNativeTarget section */
		E724755C2A0D49C400118192 /* ImageFeed */ = {
			isa = PBXNativeTarget;
			buildConfigurationList = E72475712A0D49C600118192 /* Build configuration list for PBXNativeTarget "ImageFeed" */;
			buildPhases = (
				E72475592A0D49C400118192 /* Sources */,
				E724755A2A0D49C400118192 /* Frameworks */,
				E724755B2A0D49C400118192 /* Resources */,
			);
			buildRules = (
			);
			dependencies = (
			);
			name = ImageFeed;
			productName = ImageFeed;
			productReference = E724755D2A0D49C400118192 /* ImageFeed.app */;
			productType = "com.apple.product-type.application";
		};
/* End PBXNativeTarget section */

/* Begin PBXProject section */
		E72475552A0D49C400118192 /* Project object */ = {
			isa = PBXProject;
			attributes = {
				BuildIndependentTargetsInParallel = 1;
				LastSwiftUpdateCheck = 1420;
				LastUpgradeCheck = 1420;
				TargetAttributes = {
					E724755C2A0D49C400118192 = {
						CreatedOnToolsVersion = 14.2;
					};
				};
			};
			buildConfigurationList = E72475582A0D49C400118192 /* Build configuration list for PBXProject "ImageFeed" */;
			compatibilityVersion = "Xcode 14.0";
			developmentRegion = en;
			hasScannedForEncodings = 0;
			knownRegions = (
				en,
				Base,
			);
			mainGroup = E72475542A0D49C400118192;
			productRefGroup = E724755E2A0D49C400118192 /* Products */;
			projectDirPath = "";
			projectRoot = "";
			targets = (
				E724755C2A0D49C400118192 /* ImageFeed */,
			);
		};
/* End PBXProject section */

/* Begin PBXResourcesBuildPhase section */
		E724755B2A0D49C400118192 /* Resources */ = {
			isa = PBXResourcesBuildPhase;
			buildActionMask = 2147483647;
			files = (
				E724757C2A0D4B0200118192 /* LaunchScreen.storyboard in Resources */,
				E7017D8E2A0FD8B600D6EEA9 /* Assets.xcassets in Resources */,
				E7CAF4FD2A1385EE002A44A0 /* Main.storyboard in Resources */,
			);
			runOnlyForDeploymentPostprocessing = 0;
		};
/* End PBXResourcesBuildPhase section */

/* Begin PBXSourcesBuildPhase section */
		E72475592A0D49C400118192 /* Sources */ = {
			isa = PBXSourcesBuildPhase;
			buildActionMask = 2147483647;
			files = (
				E72475612A0D49C400118192 /* AppDelegate.swift in Sources */,
				E72475782A0D4AC400118192 /* ImagesListCell.swift in Sources */,
				E7017D912A10FA6B00D6EEA9 /* ProfileViewController.swift in Sources */,
				E72475772A0D4AC400118192 /* ImagesListViewController.swift in Sources */,
				E7784BBB2A278CF800461FDA /* AuthViewController.swift in Sources */,
				E768ED672A2350FE0065ADE3 /* Constants.swift in Sources */,
				E7CAF5012A141ADD002A44A0 /* SingleImageViewController.swift in Sources */,
				E7784BBE2A27969200461FDA /* WebViewViewController.swift in Sources */,
				E72475632A0D49C400118192 /* SceneDelegate.swift in Sources */,
			);
			runOnlyForDeploymentPostprocessing = 0;
		};
/* End PBXSourcesBuildPhase section */

/* Begin PBXVariantGroup section */
		E7CAF4FF2A1385EE002A44A0 /* Main.storyboard */ = {
			isa = PBXVariantGroup;
			children = (
				E7CAF4FE2A1385EE002A44A0 /* Base */,
			);
			name = Main.storyboard;
			sourceTree = "<group>";
		};
/* End PBXVariantGroup section */

/* Begin XCBuildConfiguration section */
		E724756F2A0D49C600118192 /* Debug */ = {
			isa = XCBuildConfiguration;
			buildSettings = {
				ALWAYS_SEARCH_USER_PATHS = NO;
				CLANG_ANALYZER_NONNULL = YES;
				CLANG_ANALYZER_NUMBER_OBJECT_CONVERSION = YES_AGGRESSIVE;
				CLANG_CXX_LANGUAGE_STANDARD = "gnu++20";
				CLANG_ENABLE_MODULES = YES;
				CLANG_ENABLE_OBJC_ARC = YES;
				CLANG_ENABLE_OBJC_WEAK = YES;
				CLANG_WARN_BLOCK_CAPTURE_AUTORELEASING = YES;
				CLANG_WARN_BOOL_CONVERSION = YES;
				CLANG_WARN_COMMA = YES;
				CLANG_WARN_CONSTANT_CONVERSION = YES;
				CLANG_WARN_DEPRECATED_OBJC_IMPLEMENTATIONS = YES;
				CLANG_WARN_DIRECT_OBJC_ISA_USAGE = YES_ERROR;
				CLANG_WARN_DOCUMENTATION_COMMENTS = YES;
				CLANG_WARN_EMPTY_BODY = YES;
				CLANG_WARN_ENUM_CONVERSION = YES;
				CLANG_WARN_INFINITE_RECURSION = YES;
				CLANG_WARN_INT_CONVERSION = YES;
				CLANG_WARN_NON_LITERAL_NULL_CONVERSION = YES;
				CLANG_WARN_OBJC_IMPLICIT_RETAIN_SELF = YES;
				CLANG_WARN_OBJC_LITERAL_CONVERSION = YES;
				CLANG_WARN_OBJC_ROOT_CLASS = YES_ERROR;
				CLANG_WARN_QUOTED_INCLUDE_IN_FRAMEWORK_HEADER = YES;
				CLANG_WARN_RANGE_LOOP_ANALYSIS = YES;
				CLANG_WARN_STRICT_PROTOTYPES = YES;
				CLANG_WARN_SUSPICIOUS_MOVE = YES;
				CLANG_WARN_UNGUARDED_AVAILABILITY = YES_AGGRESSIVE;
				CLANG_WARN_UNREACHABLE_CODE = YES;
				CLANG_WARN__DUPLICATE_METHOD_MATCH = YES;
				COPY_PHASE_STRIP = NO;
				DEBUG_INFORMATION_FORMAT = dwarf;
				ENABLE_STRICT_OBJC_MSGSEND = YES;
				ENABLE_TESTABILITY = YES;
				GCC_C_LANGUAGE_STANDARD = gnu11;
				GCC_DYNAMIC_NO_PIC = NO;
				GCC_NO_COMMON_BLOCKS = YES;
				GCC_OPTIMIZATION_LEVEL = 0;
				GCC_PREPROCESSOR_DEFINITIONS = (
					"DEBUG=1",
					"$(inherited)",
				);
				GCC_WARN_64_TO_32_BIT_CONVERSION = YES;
				GCC_WARN_ABOUT_RETURN_TYPE = YES_ERROR;
				GCC_WARN_UNDECLARED_SELECTOR = YES;
				GCC_WARN_UNINITIALIZED_AUTOS = YES_AGGRESSIVE;
				GCC_WARN_UNUSED_FUNCTION = YES;
				GCC_WARN_UNUSED_VARIABLE = YES;
				IPHONEOS_DEPLOYMENT_TARGET = 13.0;
				MTL_ENABLE_DEBUG_INFO = INCLUDE_SOURCE;
				MTL_FAST_MATH = YES;
				ONLY_ACTIVE_ARCH = YES;
				SDKROOT = iphoneos;
				SWIFT_ACTIVE_COMPILATION_CONDITIONS = DEBUG;
				SWIFT_OPTIMIZATION_LEVEL = "-Onone";
			};
			name = Debug;
		};
		E72475702A0D49C600118192 /* Release */ = {
			isa = XCBuildConfiguration;
			buildSettings = {
				ALWAYS_SEARCH_USER_PATHS = NO;
				CLANG_ANALYZER_NONNULL = YES;
				CLANG_ANALYZER_NUMBER_OBJECT_CONVERSION = YES_AGGRESSIVE;
				CLANG_CXX_LANGUAGE_STANDARD = "gnu++20";
				CLANG_ENABLE_MODULES = YES;
				CLANG_ENABLE_OBJC_ARC = YES;
				CLANG_ENABLE_OBJC_WEAK = YES;
				CLANG_WARN_BLOCK_CAPTURE_AUTORELEASING = YES;
				CLANG_WARN_BOOL_CONVERSION = YES;
				CLANG_WARN_COMMA = YES;
				CLANG_WARN_CONSTANT_CONVERSION = YES;
				CLANG_WARN_DEPRECATED_OBJC_IMPLEMENTATIONS = YES;
				CLANG_WARN_DIRECT_OBJC_ISA_USAGE = YES_ERROR;
				CLANG_WARN_DOCUMENTATION_COMMENTS = YES;
				CLANG_WARN_EMPTY_BODY = YES;
				CLANG_WARN_ENUM_CONVERSION = YES;
				CLANG_WARN_INFINITE_RECURSION = YES;
				CLANG_WARN_INT_CONVERSION = YES;
				CLANG_WARN_NON_LITERAL_NULL_CONVERSION = YES;
				CLANG_WARN_OBJC_IMPLICIT_RETAIN_SELF = YES;
				CLANG_WARN_OBJC_LITERAL_CONVERSION = YES;
				CLANG_WARN_OBJC_ROOT_CLASS = YES_ERROR;
				CLANG_WARN_QUOTED_INCLUDE_IN_FRAMEWORK_HEADER = YES;
				CLANG_WARN_RANGE_LOOP_ANALYSIS = YES;
				CLANG_WARN_STRICT_PROTOTYPES = YES;
				CLANG_WARN_SUSPICIOUS_MOVE = YES;
				CLANG_WARN_UNGUARDED_AVAILABILITY = YES_AGGRESSIVE;
				CLANG_WARN_UNREACHABLE_CODE = YES;
				CLANG_WARN__DUPLICATE_METHOD_MATCH = YES;
				COPY_PHASE_STRIP = NO;
				DEBUG_INFORMATION_FORMAT = "dwarf-with-dsym";
				ENABLE_NS_ASSERTIONS = NO;
				ENABLE_STRICT_OBJC_MSGSEND = YES;
				GCC_C_LANGUAGE_STANDARD = gnu11;
				GCC_NO_COMMON_BLOCKS = YES;
				GCC_WARN_64_TO_32_BIT_CONVERSION = YES;
				GCC_WARN_ABOUT_RETURN_TYPE = YES_ERROR;
				GCC_WARN_UNDECLARED_SELECTOR = YES;
				GCC_WARN_UNINITIALIZED_AUTOS = YES_AGGRESSIVE;
				GCC_WARN_UNUSED_FUNCTION = YES;
				GCC_WARN_UNUSED_VARIABLE = YES;
				IPHONEOS_DEPLOYMENT_TARGET = 13.0;
				MTL_ENABLE_DEBUG_INFO = NO;
				MTL_FAST_MATH = YES;
				SDKROOT = iphoneos;
				SWIFT_COMPILATION_MODE = wholemodule;
				SWIFT_OPTIMIZATION_LEVEL = "-O";
				VALIDATE_PRODUCT = YES;
			};
			name = Release;
		};
		E72475722A0D49C600118192 /* Debug */ = {
			isa = XCBuildConfiguration;
			buildSettings = {
				ASSETCATALOG_COMPILER_APPICON_NAME = AppIcon;
				ASSETCATALOG_COMPILER_GLOBAL_ACCENT_COLOR_NAME = AccentColor;
				CODE_SIGN_STYLE = Automatic;
				CURRENT_PROJECT_VERSION = 1;
				DEVELOPMENT_TEAM = 9WC35YWH6U;
				GENERATE_INFOPLIST_FILE = YES;
				INFOPLIST_FILE = ImageFeed/Info.plist;
				INFOPLIST_KEY_UIApplicationSupportsIndirectInputEvents = YES;
				INFOPLIST_KEY_UILaunchStoryboardName = LaunchScreen;
				INFOPLIST_KEY_UIMainStoryboardFile = Main;
				INFOPLIST_KEY_UISupportedInterfaceOrientations = UIInterfaceOrientationPortrait;
				INFOPLIST_KEY_UISupportedInterfaceOrientations_iPad = "UIInterfaceOrientationLandscapeLeft UIInterfaceOrientationLandscapeRight UIInterfaceOrientationPortrait UIInterfaceOrientationPortraitUpsideDown";
				IPHONEOS_DEPLOYMENT_TARGET = 13;
				LD_RUNPATH_SEARCH_PATHS = (
					"$(inherited)",
					"@executable_path/Frameworks",
				);
				MARKETING_VERSION = 1.0;
				PRODUCT_BUNDLE_IDENTIFIER = onePoint.ImageFeed;
				PRODUCT_NAME = "$(TARGET_NAME)";
				SUPPORTED_PLATFORMS = "iphoneos iphonesimulator";
				SUPPORTS_MACCATALYST = NO;
				SUPPORTS_MAC_DESIGNED_FOR_IPHONE_IPAD = NO;
				SWIFT_EMIT_LOC_STRINGS = YES;
				SWIFT_VERSION = 5.0;
				TARGETED_DEVICE_FAMILY = 1;
			};
			name = Debug;
		};
		E72475732A0D49C600118192 /* Release */ = {
			isa = XCBuildConfiguration;
			buildSettings = {
				ASSETCATALOG_COMPILER_APPICON_NAME = AppIcon;
				ASSETCATALOG_COMPILER_GLOBAL_ACCENT_COLOR_NAME = AccentColor;
				CODE_SIGN_STYLE = Automatic;
				CURRENT_PROJECT_VERSION = 1;
				DEVELOPMENT_TEAM = 9WC35YWH6U;
				GENERATE_INFOPLIST_FILE = YES;
				INFOPLIST_FILE = ImageFeed/Info.plist;
				INFOPLIST_KEY_UIApplicationSupportsIndirectInputEvents = YES;
				INFOPLIST_KEY_UILaunchStoryboardName = LaunchScreen;
				INFOPLIST_KEY_UIMainStoryboardFile = Main;
				INFOPLIST_KEY_UISupportedInterfaceOrientations = UIInterfaceOrientationPortrait;
				INFOPLIST_KEY_UISupportedInterfaceOrientations_iPad = "UIInterfaceOrientationLandscapeLeft UIInterfaceOrientationLandscapeRight UIInterfaceOrientationPortrait UIInterfaceOrientationPortraitUpsideDown";
				IPHONEOS_DEPLOYMENT_TARGET = 13;
				LD_RUNPATH_SEARCH_PATHS = (
					"$(inherited)",
					"@executable_path/Frameworks",
				);
				MARKETING_VERSION = 1.0;
				PRODUCT_BUNDLE_IDENTIFIER = onePoint.ImageFeed;
				PRODUCT_NAME = "$(TARGET_NAME)";
				SUPPORTED_PLATFORMS = "iphoneos iphonesimulator";
				SUPPORTS_MACCATALYST = NO;
				SUPPORTS_MAC_DESIGNED_FOR_IPHONE_IPAD = NO;
				SWIFT_EMIT_LOC_STRINGS = YES;
				SWIFT_VERSION = 5.0;
				TARGETED_DEVICE_FAMILY = 1;
			};
			name = Release;
		};
/* End XCBuildConfiguration section */

/* Begin XCConfigurationList section */
		E72475582A0D49C400118192 /* Build configuration list for PBXProject "ImageFeed" */ = {
			isa = XCConfigurationList;
			buildConfigurations = (
				E724756F2A0D49C600118192 /* Debug */,
				E72475702A0D49C600118192 /* Release */,
			);
			defaultConfigurationIsVisible = 0;
			defaultConfigurationName = Release;
		};
		E72475712A0D49C600118192 /* Build configuration list for PBXNativeTarget "ImageFeed" */ = {
			isa = XCConfigurationList;
			buildConfigurations = (
				E72475722A0D49C600118192 /* Debug */,
				E72475732A0D49C600118192 /* Release */,
			);
			defaultConfigurationIsVisible = 0;
			defaultConfigurationName = Release;
		};
/* End XCConfigurationList section */
	};
	rootObject = E72475552A0D49C400118192 /* Project object */;
}
