// !$*UTF8*$!
{
	archiveVersion = 1;
	classes = {
	};
	objectVersion = 56;
	objects = {

/* Begin PBXBuildFile section */
		E7017D8E2A0FD8B600D6EEA9 /* Assets.xcassets in Resources */ = {isa = PBXBuildFile; fileRef = E7017D8D2A0FD8B600D6EEA9 /* Assets.xcassets */; };
		E7017D912A10FA6B00D6EEA9 /* ProfileViewController.swift in Sources */ = {isa = PBXBuildFile; fileRef = E7017D902A10FA6B00D6EEA9 /* ProfileViewController.swift */; };
		E70F494E2A2F2856007A13CA /* SplashViewController.swift in Sources */ = {isa = PBXBuildFile; fileRef = E70F494D2A2F2856007A13CA /* SplashViewController.swift */; };
		E716CEC82A3DFE5600639608 /* ProfileService.swift in Sources */ = {isa = PBXBuildFile; fileRef = E716CEC72A3DFE5600639608 /* ProfileService.swift */; };
		E72475612A0D49C400118192 /* AppDelegate.swift in Sources */ = {isa = PBXBuildFile; fileRef = E72475602A0D49C400118192 /* AppDelegate.swift */; };
		E72475632A0D49C400118192 /* SceneDelegate.swift in Sources */ = {isa = PBXBuildFile; fileRef = E72475622A0D49C400118192 /* SceneDelegate.swift */; };
		E72475772A0D4AC400118192 /* ImagesListViewController.swift in Sources */ = {isa = PBXBuildFile; fileRef = E72475752A0D4AC400118192 /* ImagesListViewController.swift */; };
		E72475782A0D4AC400118192 /* ImagesListCell.swift in Sources */ = {isa = PBXBuildFile; fileRef = E72475762A0D4AC400118192 /* ImagesListCell.swift */; };
		E724757C2A0D4B0200118192 /* LaunchScreen.storyboard in Resources */ = {isa = PBXBuildFile; fileRef = E724757B2A0D4B0200118192 /* LaunchScreen.storyboard */; };
		E725C1062A399DB90017D08F /* URLSession.swift in Sources */ = {isa = PBXBuildFile; fileRef = E725C1052A399DB90017D08F /* URLSession.swift */; };
		E725C1082A399FCF0017D08F /* OAuthTokenResponseBody.swift in Sources */ = {isa = PBXBuildFile; fileRef = E725C1072A399FCF0017D08F /* OAuthTokenResponseBody.swift */; };
		E725C10A2A39ABB10017D08F /* UIBlockingProgressHUD.swift in Sources */ = {isa = PBXBuildFile; fileRef = E725C1092A39ABB10017D08F /* UIBlockingProgressHUD.swift */; };
		E73AC6EB2A375E1000FEB08A /* ProgressHUD in Frameworks */ = {isa = PBXBuildFile; productRef = E73AC6EA2A375E1000FEB08A /* ProgressHUD */; };
		E73D88312A3E006C00F21CEE /* ProfileImageService.swift in Sources */ = {isa = PBXBuildFile; fileRef = E73D88302A3E006C00F21CEE /* ProfileImageService.swift */; };
		E73D88332A3EE10100F21CEE /* ProfileImage.swift in Sources */ = {isa = PBXBuildFile; fileRef = E73D88322A3EE10100F21CEE /* ProfileImage.swift */; };
		E73D88362A3F9BE500F21CEE /* AlertModel.swift in Sources */ = {isa = PBXBuildFile; fileRef = E73D88352A3F9BE500F21CEE /* AlertModel.swift */; };
		E73D88382A3F9C4400F21CEE /* AlertPresenter.swift in Sources */ = {isa = PBXBuildFile; fileRef = E73D88372A3F9C4400F21CEE /* AlertPresenter.swift */; };
		E73D883A2A3F9C7E00F21CEE /* AlertPresenterProtocol.swift in Sources */ = {isa = PBXBuildFile; fileRef = E73D88392A3F9C7E00F21CEE /* AlertPresenterProtocol.swift */; };
		E73D883C2A3F9C9500F21CEE /* AlertPresenterDelegate.swift in Sources */ = {isa = PBXBuildFile; fileRef = E73D883B2A3F9C9500F21CEE /* AlertPresenterDelegate.swift */; };
		E753439D2A3A851E0036659F /* Profile.swift in Sources */ = {isa = PBXBuildFile; fileRef = E753439C2A3A851E0036659F /* Profile.swift */; };
		E75529C62A43B434001E6722 /* Kingfisher in Frameworks */ = {isa = PBXBuildFile; productRef = E75529C52A43B434001E6722 /* Kingfisher */; };
		E75529C92A4465C7001E6722 /* SwiftKeychainWrapper in Frameworks */ = {isa = PBXBuildFile; productRef = E75529C82A4465C7001E6722 /* SwiftKeychainWrapper */; };
		E75529CD2A449A0C001E6722 /* TabBarController.swift in Sources */ = {isa = PBXBuildFile; fileRef = E75529CC2A449A0C001E6722 /* TabBarController.swift */; };
		E768ED672A2350FE0065ADE3 /* Constants.swift in Sources */ = {isa = PBXBuildFile; fileRef = E768ED662A2350FE0065ADE3 /* Constants.swift */; };
		E7784BBB2A278CF800461FDA /* AuthViewController.swift in Sources */ = {isa = PBXBuildFile; fileRef = E7784BBA2A278CF800461FDA /* AuthViewController.swift */; };
		E7784BBE2A27969200461FDA /* WebViewController.swift in Sources */ = {isa = PBXBuildFile; fileRef = E7784BBD2A27969200461FDA /* WebViewController.swift */; };
		E79DAB522A2E42E400501056 /* OAuth2Service.swift in Sources */ = {isa = PBXBuildFile; fileRef = E79DAB512A2E42E400501056 /* OAuth2Service.swift */; };
		E79DAB542A2E42F600501056 /* OAuth2TokenStorage.swift in Sources */ = {isa = PBXBuildFile; fileRef = E79DAB532A2E42F600501056 /* OAuth2TokenStorage.swift */; };
		E7CAF4FD2A1385EE002A44A0 /* Main.storyboard in Resources */ = {isa = PBXBuildFile; fileRef = E7CAF4FF2A1385EE002A44A0 /* Main.storyboard */; };
		E7CAF5012A141ADD002A44A0 /* SingleImageViewController.swift in Sources */ = {isa = PBXBuildFile; fileRef = E7CAF5002A141ADD002A44A0 /* SingleImageViewController.swift */; };
/* End PBXBuildFile section */

/* Begin PBXFileReference section */
		E7017D8D2A0FD8B600D6EEA9 /* Assets.xcassets */ = {isa = PBXFileReference; lastKnownFileType = folder.assetcatalog; path = Assets.xcassets; sourceTree = "<group>"; };
		E7017D902A10FA6B00D6EEA9 /* ProfileViewController.swift */ = {isa = PBXFileReference; lastKnownFileType = sourcecode.swift; path = ProfileViewController.swift; sourceTree = "<group>"; };
		E70F494D2A2F2856007A13CA /* SplashViewController.swift */ = {isa = PBXFileReference; lastKnownFileType = sourcecode.swift; path = SplashViewController.swift; sourceTree = "<group>"; };
		E716CEC72A3DFE5600639608 /* ProfileService.swift */ = {isa = PBXFileReference; lastKnownFileType = sourcecode.swift; path = ProfileService.swift; sourceTree = "<group>"; };
		E724755D2A0D49C400118192 /* ImageFeed.app */ = {isa = PBXFileReference; explicitFileType = wrapper.application; includeInIndex = 0; path = ImageFeed.app; sourceTree = BUILT_PRODUCTS_DIR; };
		E72475602A0D49C400118192 /* AppDelegate.swift */ = {isa = PBXFileReference; lastKnownFileType = sourcecode.swift; path = AppDelegate.swift; sourceTree = "<group>"; };
		E72475622A0D49C400118192 /* SceneDelegate.swift */ = {isa = PBXFileReference; lastKnownFileType = sourcecode.swift; path = SceneDelegate.swift; sourceTree = "<group>"; };
		E724756E2A0D49C600118192 /* Info.plist */ = {isa = PBXFileReference; lastKnownFileType = text.plist.xml; path = Info.plist; sourceTree = "<group>"; };
		E72475752A0D4AC400118192 /* ImagesListViewController.swift */ = {isa = PBXFileReference; fileEncoding = 4; lastKnownFileType = sourcecode.swift; path = ImagesListViewController.swift; sourceTree = "<group>"; };
		E72475762A0D4AC400118192 /* ImagesListCell.swift */ = {isa = PBXFileReference; fileEncoding = 4; lastKnownFileType = sourcecode.swift; path = ImagesListCell.swift; sourceTree = "<group>"; };
		E724757B2A0D4B0200118192 /* LaunchScreen.storyboard */ = {isa = PBXFileReference; fileEncoding = 4; lastKnownFileType = file.storyboard; path = LaunchScreen.storyboard; sourceTree = "<group>"; };
		E725C1052A399DB90017D08F /* URLSession.swift */ = {isa = PBXFileReference; lastKnownFileType = sourcecode.swift; path = URLSession.swift; sourceTree = "<group>"; };
		E725C1072A399FCF0017D08F /* OAuthTokenResponseBody.swift */ = {isa = PBXFileReference; lastKnownFileType = sourcecode.swift; path = OAuthTokenResponseBody.swift; sourceTree = "<group>"; };
		E725C1092A39ABB10017D08F /* UIBlockingProgressHUD.swift */ = {isa = PBXFileReference; lastKnownFileType = sourcecode.swift; path = UIBlockingProgressHUD.swift; sourceTree = "<group>"; };
		E73D88302A3E006C00F21CEE /* ProfileImageService.swift */ = {isa = PBXFileReference; lastKnownFileType = sourcecode.swift; path = ProfileImageService.swift; sourceTree = "<group>"; };
		E73D88322A3EE10100F21CEE /* ProfileImage.swift */ = {isa = PBXFileReference; lastKnownFileType = sourcecode.swift; path = ProfileImage.swift; sourceTree = "<group>"; };
		E73D88352A3F9BE500F21CEE /* AlertModel.swift */ = {isa = PBXFileReference; lastKnownFileType = sourcecode.swift; path = AlertModel.swift; sourceTree = "<group>"; };
		E73D88372A3F9C4400F21CEE /* AlertPresenter.swift */ = {isa = PBXFileReference; lastKnownFileType = sourcecode.swift; path = AlertPresenter.swift; sourceTree = "<group>"; };
		E73D88392A3F9C7E00F21CEE /* AlertPresenterProtocol.swift */ = {isa = PBXFileReference; lastKnownFileType = sourcecode.swift; path = AlertPresenterProtocol.swift; sourceTree = "<group>"; };
		E73D883B2A3F9C9500F21CEE /* AlertPresenterDelegate.swift */ = {isa = PBXFileReference; lastKnownFileType = sourcecode.swift; path = AlertPresenterDelegate.swift; sourceTree = "<group>"; };
		E753439C2A3A851E0036659F /* Profile.swift */ = {isa = PBXFileReference; lastKnownFileType = sourcecode.swift; path = Profile.swift; sourceTree = "<group>"; };
		E75529CC2A449A0C001E6722 /* TabBarController.swift */ = {isa = PBXFileReference; lastKnownFileType = sourcecode.swift; path = TabBarController.swift; sourceTree = "<group>"; };
		E768ED662A2350FE0065ADE3 /* Constants.swift */ = {isa = PBXFileReference; lastKnownFileType = sourcecode.swift; path = Constants.swift; sourceTree = "<group>"; };
		E7784BBA2A278CF800461FDA /* AuthViewController.swift */ = {isa = PBXFileReference; lastKnownFileType = sourcecode.swift; path = AuthViewController.swift; sourceTree = "<group>"; };
		E7784BBD2A27969200461FDA /* WebViewController.swift */ = {isa = PBXFileReference; lastKnownFileType = sourcecode.swift; path = WebViewController.swift; sourceTree = "<group>"; };
		E79DAB512A2E42E400501056 /* OAuth2Service.swift */ = {isa = PBXFileReference; lastKnownFileType = sourcecode.swift; path = OAuth2Service.swift; sourceTree = "<group>"; };
		E79DAB532A2E42F600501056 /* OAuth2TokenStorage.swift */ = {isa = PBXFileReference; lastKnownFileType = sourcecode.swift; path = OAuth2TokenStorage.swift; sourceTree = "<group>"; };
		E7CAF4FE2A1385EE002A44A0 /* Base */ = {isa = PBXFileReference; lastKnownFileType = file.storyboard; name = Base; path = Base.lproj/Main.storyboard; sourceTree = "<group>"; };
		E7CAF5002A141ADD002A44A0 /* SingleImageViewController.swift */ = {isa = PBXFileReference; lastKnownFileType = sourcecode.swift; path = SingleImageViewController.swift; sourceTree = "<group>"; };
/* End PBXFileReference section */

/* Begin PBXFrameworksBuildPhase section */
		E724755A2A0D49C400118192 /* Frameworks */ = {
			isa = PBXFrameworksBuildPhase;
			buildActionMask = 2147483647;
			files = (
				E75529C62A43B434001E6722 /* Kingfisher in Frameworks */,
				E73AC6EB2A375E1000FEB08A /* ProgressHUD in Frameworks */,
				E75529C92A4465C7001E6722 /* SwiftKeychainWrapper in Frameworks */,
			);
			runOnlyForDeploymentPostprocessing = 0;
		};
/* End PBXFrameworksBuildPhase section */

/* Begin PBXGroup section */
		E7017D8F2A10FA4A00D6EEA9 /* Profile */ = {
			isa = PBXGroup;
			children = (
				E753439C2A3A851E0036659F /* Profile.swift */,
				E73D88322A3EE10100F21CEE /* ProfileImage.swift */,
				E716CEC72A3DFE5600639608 /* ProfileService.swift */,
				E73D88302A3E006C00F21CEE /* ProfileImageService.swift */,
				E7017D902A10FA6B00D6EEA9 /* ProfileViewController.swift */,
			);
			path = Profile;
			sourceTree = "<group>";
		};
		E72475542A0D49C400118192 = {
			isa = PBXGroup;
			children = (
				E724755F2A0D49C400118192 /* ImageFeed */,
				E724755E2A0D49C400118192 /* Products */,
			);
			sourceTree = "<group>";
		};
		E724755E2A0D49C400118192 /* Products */ = {
			isa = PBXGroup;
			children = (
				E724755D2A0D49C400118192 /* ImageFeed.app */,
			);
			name = Products;
			sourceTree = "<group>";
		};
		E724755F2A0D49C400118192 /* ImageFeed */ = {
			isa = PBXGroup;
			children = (
				E72475602A0D49C400118192 /* AppDelegate.swift */,
				E72475622A0D49C400118192 /* SceneDelegate.swift */,
				E768ED662A2350FE0065ADE3 /* Constants.swift */,
				E725C1092A39ABB10017D08F /* UIBlockingProgressHUD.swift */,
				E73D88342A3F9BD000F21CEE /* AlertPresenter */,
				E7B468C22A2F1C67004FE60E /* ServiceAccessLayer */,
				E7B468C32A2F1C7F004FE60E /* SplashView */,
				E7784BBC2A278D0000461FDA /* Auth */,
				E7017D8F2A10FA4A00D6EEA9 /* Profile */,
				E75529CE2A449A10001E6722 /* TabBarController */,
				E72475742A0D4AC400118192 /* ImagesList */,
				E7CAF5022A141E80002A44A0 /* SingleImageView */,
				E7CAF4FF2A1385EE002A44A0 /* Main.storyboard */,
				E7017D8D2A0FD8B600D6EEA9 /* Assets.xcassets */,
				E724757B2A0D4B0200118192 /* LaunchScreen.storyboard */,
				E724756E2A0D49C600118192 /* Info.plist */,
			);
			path = ImageFeed;
			sourceTree = "<group>";
		};
		E72475742A0D4AC400118192 /* ImagesList */ = {
			isa = PBXGroup;
			children = (
				E72475752A0D4AC400118192 /* ImagesListViewController.swift */,
				E72475762A0D4AC400118192 /* ImagesListCell.swift */,
			);
			path = ImagesList;
			sourceTree = "<group>";
		};
		E73D88342A3F9BD000F21CEE /* AlertPresenter */ = {
			isa = PBXGroup;
			children = (
				E73D88352A3F9BE500F21CEE /* AlertModel.swift */,
				E73D88372A3F9C4400F21CEE /* AlertPresenter.swift */,
				E73D88392A3F9C7E00F21CEE /* AlertPresenterProtocol.swift */,
				E73D883B2A3F9C9500F21CEE /* AlertPresenterDelegate.swift */,
			);
			path = AlertPresenter;
			sourceTree = "<group>";
		};
		E75529CE2A449A10001E6722 /* TabBarController */ = {
			isa = PBXGroup;
			children = (
				E75529CC2A449A0C001E6722 /* TabBarController.swift */,
			);
			path = TabBarController;
			sourceTree = "<group>";
		};
		E7784BBC2A278D0000461FDA /* Auth */ = {
			isa = PBXGroup;
			children = (
				E7784BBA2A278CF800461FDA /* AuthViewController.swift */,
				E7784BBD2A27969200461FDA /* WebViewController.swift */,
			);
			path = Auth;
			sourceTree = "<group>";
		};
		E79DAB4E2A2E42AF00501056 /* OAuth2 */ = {
			isa = PBXGroup;
			children = (
				E725C1072A399FCF0017D08F /* OAuthTokenResponseBody.swift */,
				E725C1052A399DB90017D08F /* URLSession.swift */,
				E79DAB512A2E42E400501056 /* OAuth2Service.swift */,
				E79DAB532A2E42F600501056 /* OAuth2TokenStorage.swift */,
			);
			path = OAuth2;
			sourceTree = "<group>";
		};
		E7B468C22A2F1C67004FE60E /* ServiceAccessLayer */ = {
			isa = PBXGroup;
			children = (
				E79DAB4E2A2E42AF00501056 /* OAuth2 */,
			);
			path = ServiceAccessLayer;
			sourceTree = "<group>";
		};
		E7B468C32A2F1C7F004FE60E /* SplashView */ = {
			isa = PBXGroup;
			children = (
				E70F494D2A2F2856007A13CA /* SplashViewController.swift */,
			);
			path = SplashView;
			sourceTree = "<group>";
		};
		E7CAF5022A141E80002A44A0 /* SingleImageView */ = {
			isa = PBXGroup;
			children = (
				E7CAF5002A141ADD002A44A0 /* SingleImageViewController.swift */,
			);
			path = SingleImageView;
			sourceTree = "<group>";
		};
/* End PBXGroup section */

/* Begin PBXNativeTarget section */
		E724755C2A0D49C400118192 /* ImageFeed */ = {
			isa = PBXNativeTarget;
			buildConfigurationList = E72475712A0D49C600118192 /* Build configuration list for PBXNativeTarget "ImageFeed" */;
			buildPhases = (
				E72475592A0D49C400118192 /* Sources */,
				E724755A2A0D49C400118192 /* Frameworks */,
				E724755B2A0D49C400118192 /* Resources */,
			);
			buildRules = (
			);
			dependencies = (
			);
			name = ImageFeed;
			packageProductDependencies = (
				E73AC6EA2A375E1000FEB08A /* ProgressHUD */,
				E75529C52A43B434001E6722 /* Kingfisher */,
				E75529C82A4465C7001E6722 /* SwiftKeychainWrapper */,
			);
			productName = ImageFeed;
			productReference = E724755D2A0D49C400118192 /* ImageFeed.app */;
			productType = "com.apple.product-type.application";
		};
/* End PBXNativeTarget section */

/* Begin PBXProject section */
		E72475552A0D49C400118192 /* Project object */ = {
			isa = PBXProject;
			attributes = {
				BuildIndependentTargetsInParallel = 1;
				LastSwiftUpdateCheck = 1420;
				LastUpgradeCheck = 1420;
				TargetAttributes = {
					E724755C2A0D49C400118192 = {
						CreatedOnToolsVersion = 14.2;
					};
				};
			};
			buildConfigurationList = E72475582A0D49C400118192 /* Build configuration list for PBXProject "ImageFeed" */;
			compatibilityVersion = "Xcode 14.0";
			developmentRegion = en;
			hasScannedForEncodings = 0;
			knownRegions = (
				en,
				Base,
			);
			mainGroup = E72475542A0D49C400118192;
			packageReferences = (
				E73AC6E92A375E1000FEB08A /* XCRemoteSwiftPackageReference "ProgressHUD" */,
				E75529C42A43B434001E6722 /* XCRemoteSwiftPackageReference "Kingfisher" */,
				E75529C72A4465C7001E6722 /* XCRemoteSwiftPackageReference "SwiftKeychainWrapper" */,
			);
			productRefGroup = E724755E2A0D49C400118192 /* Products */;
			projectDirPath = "";
			projectRoot = "";
			targets = (
				E724755C2A0D49C400118192 /* ImageFeed */,
			);
		};
/* End PBXProject section */

/* Begin PBXResourcesBuildPhase section */
		E724755B2A0D49C400118192 /* Resources */ = {
			isa = PBXResourcesBuildPhase;
			buildActionMask = 2147483647;
			files = (
				E724757C2A0D4B0200118192 /* LaunchScreen.storyboard in Resources */,
				E7017D8E2A0FD8B600D6EEA9 /* Assets.xcassets in Resources */,
				E7CAF4FD2A1385EE002A44A0 /* Main.storyboard in Resources */,
			);
			runOnlyForDeploymentPostprocessing = 0;
		};
/* End PBXResourcesBuildPhase section */

/* Begin PBXSourcesBuildPhase section */
		E72475592A0D49C400118192 /* Sources */ = {
			isa = PBXSourcesBuildPhase;
			buildActionMask = 2147483647;
			files = (
				E79DAB542A2E42F600501056 /* OAuth2TokenStorage.swift in Sources */,
				E753439D2A3A851E0036659F /* Profile.swift in Sources */,
				E72475612A0D49C400118192 /* AppDelegate.swift in Sources */,
				E72475782A0D4AC400118192 /* ImagesListCell.swift in Sources */,
				E7017D912A10FA6B00D6EEA9 /* ProfileViewController.swift in Sources */,
				E79DAB522A2E42E400501056 /* OAuth2Service.swift in Sources */,
				E70F494E2A2F2856007A13CA /* SplashViewController.swift in Sources */,
				E716CEC82A3DFE5600639608 /* ProfileService.swift in Sources */,
				E73D88382A3F9C4400F21CEE /* AlertPresenter.swift in Sources */,
				E75529CD2A449A0C001E6722 /* TabBarController.swift in Sources */,
				E73D88362A3F9BE500F21CEE /* AlertModel.swift in Sources */,
				E72475772A0D4AC400118192 /* ImagesListViewController.swift in Sources */,
				E7784BBB2A278CF800461FDA /* AuthViewController.swift in Sources */,
				E725C10A2A39ABB10017D08F /* UIBlockingProgressHUD.swift in Sources */,
				E73D88332A3EE10100F21CEE /* ProfileImage.swift in Sources */,
				E725C1062A399DB90017D08F /* URLSession.swift in Sources */,
				E768ED672A2350FE0065ADE3 /* Constants.swift in Sources */,
				E725C1082A399FCF0017D08F /* OAuthTokenResponseBody.swift in Sources */,
				E73D883A2A3F9C7E00F21CEE /* AlertPresenterProtocol.swift in Sources */,
				E7CAF5012A141ADD002A44A0 /* SingleImageViewController.swift in Sources */,
				E73D88312A3E006C00F21CEE /* ProfileImageService.swift in Sources */,
				E7784BBE2A27969200461FDA /* WebViewController.swift in Sources */,
				E72475632A0D49C400118192 /* SceneDelegate.swift in Sources */,
				E73D883C2A3F9C9500F21CEE /* AlertPresenterDelegate.swift in Sources */,
			);
			runOnlyForDeploymentPostprocessing = 0;
		};
/* End PBXSourcesBuildPhase section */

/* Begin PBXVariantGroup section */
		E7CAF4FF2A1385EE002A44A0 /* Main.storyboard */ = {
			isa = PBXVariantGroup;
			children = (
				E7CAF4FE2A1385EE002A44A0 /* Base */,
			);
			name = Main.storyboard;
			sourceTree = "<group>";
		};
/* End PBXVariantGroup section */

/* Begin XCBuildConfiguration section */
		E724756F2A0D49C600118192 /* Debug */ = {
			isa = XCBuildConfiguration;
			buildSettings = {
				ALWAYS_SEARCH_USER_PATHS = NO;
				CLANG_ANALYZER_NONNULL = YES;
				CLANG_ANALYZER_NUMBER_OBJECT_CONVERSION = YES_AGGRESSIVE;
				CLANG_CXX_LANGUAGE_STANDARD = "gnu++20";
				CLANG_ENABLE_MODULES = YES;
				CLANG_ENABLE_OBJC_ARC = YES;
				CLANG_ENABLE_OBJC_WEAK = YES;
				CLANG_WARN_BLOCK_CAPTURE_AUTORELEASING = YES;
				CLANG_WARN_BOOL_CONVERSION = YES;
				CLANG_WARN_COMMA = YES;
				CLANG_WARN_CONSTANT_CONVERSION = YES;
				CLANG_WARN_DEPRECATED_OBJC_IMPLEMENTATIONS = YES;
				CLANG_WARN_DIRECT_OBJC_ISA_USAGE = YES_ERROR;
				CLANG_WARN_DOCUMENTATION_COMMENTS = YES;
				CLANG_WARN_EMPTY_BODY = YES;
				CLANG_WARN_ENUM_CONVERSION = YES;
				CLANG_WARN_INFINITE_RECURSION = YES;
				CLANG_WARN_INT_CONVERSION = YES;
				CLANG_WARN_NON_LITERAL_NULL_CONVERSION = YES;
				CLANG_WARN_OBJC_IMPLICIT_RETAIN_SELF = YES;
				CLANG_WARN_OBJC_LITERAL_CONVERSION = YES;
				CLANG_WARN_OBJC_ROOT_CLASS = YES_ERROR;
				CLANG_WARN_QUOTED_INCLUDE_IN_FRAMEWORK_HEADER = YES;
				CLANG_WARN_RANGE_LOOP_ANALYSIS = YES;
				CLANG_WARN_STRICT_PROTOTYPES = YES;
				CLANG_WARN_SUSPICIOUS_MOVE = YES;
				CLANG_WARN_UNGUARDED_AVAILABILITY = YES_AGGRESSIVE;
				CLANG_WARN_UNREACHABLE_CODE = YES;
				CLANG_WARN__DUPLICATE_METHOD_MATCH = YES;
				COPY_PHASE_STRIP = NO;
				DEBUG_INFORMATION_FORMAT = dwarf;
				ENABLE_STRICT_OBJC_MSGSEND = YES;
				ENABLE_TESTABILITY = YES;
				GCC_C_LANGUAGE_STANDARD = gnu11;
				GCC_DYNAMIC_NO_PIC = NO;
				GCC_NO_COMMON_BLOCKS = YES;
				GCC_OPTIMIZATION_LEVEL = 0;
				GCC_PREPROCESSOR_DEFINITIONS = (
					"DEBUG=1",
					"$(inherited)",
				);
				GCC_WARN_64_TO_32_BIT_CONVERSION = YES;
				GCC_WARN_ABOUT_RETURN_TYPE = YES_ERROR;
				GCC_WARN_UNDECLARED_SELECTOR = YES;
				GCC_WARN_UNINITIALIZED_AUTOS = YES_AGGRESSIVE;
				GCC_WARN_UNUSED_FUNCTION = YES;
				GCC_WARN_UNUSED_VARIABLE = YES;
				IPHONEOS_DEPLOYMENT_TARGET = 13.0;
				MTL_ENABLE_DEBUG_INFO = INCLUDE_SOURCE;
				MTL_FAST_MATH = YES;
				ONLY_ACTIVE_ARCH = YES;
				SDKROOT = iphoneos;
				SWIFT_ACTIVE_COMPILATION_CONDITIONS = DEBUG;
				SWIFT_OPTIMIZATION_LEVEL = "-Onone";
			};
			name = Debug;
		};
		E72475702A0D49C600118192 /* Release */ = {
			isa = XCBuildConfiguration;
			buildSettings = {
				ALWAYS_SEARCH_USER_PATHS = NO;
				CLANG_ANALYZER_NONNULL = YES;
				CLANG_ANALYZER_NUMBER_OBJECT_CONVERSION = YES_AGGRESSIVE;
				CLANG_CXX_LANGUAGE_STANDARD = "gnu++20";
				CLANG_ENABLE_MODULES = YES;
				CLANG_ENABLE_OBJC_ARC = YES;
				CLANG_ENABLE_OBJC_WEAK = YES;
				CLANG_WARN_BLOCK_CAPTURE_AUTORELEASING = YES;
				CLANG_WARN_BOOL_CONVERSION = YES;
				CLANG_WARN_COMMA = YES;
				CLANG_WARN_CONSTANT_CONVERSION = YES;
				CLANG_WARN_DEPRECATED_OBJC_IMPLEMENTATIONS = YES;
				CLANG_WARN_DIRECT_OBJC_ISA_USAGE = YES_ERROR;
				CLANG_WARN_DOCUMENTATION_COMMENTS = YES;
				CLANG_WARN_EMPTY_BODY = YES;
				CLANG_WARN_ENUM_CONVERSION = YES;
				CLANG_WARN_INFINITE_RECURSION = YES;
				CLANG_WARN_INT_CONVERSION = YES;
				CLANG_WARN_NON_LITERAL_NULL_CONVERSION = YES;
				CLANG_WARN_OBJC_IMPLICIT_RETAIN_SELF = YES;
				CLANG_WARN_OBJC_LITERAL_CONVERSION = YES;
				CLANG_WARN_OBJC_ROOT_CLASS = YES_ERROR;
				CLANG_WARN_QUOTED_INCLUDE_IN_FRAMEWORK_HEADER = YES;
				CLANG_WARN_RANGE_LOOP_ANALYSIS = YES;
				CLANG_WARN_STRICT_PROTOTYPES = YES;
				CLANG_WARN_SUSPICIOUS_MOVE = YES;
				CLANG_WARN_UNGUARDED_AVAILABILITY = YES_AGGRESSIVE;
				CLANG_WARN_UNREACHABLE_CODE = YES;
				CLANG_WARN__DUPLICATE_METHOD_MATCH = YES;
				COPY_PHASE_STRIP = NO;
				DEBUG_INFORMATION_FORMAT = "dwarf-with-dsym";
				ENABLE_NS_ASSERTIONS = NO;
				ENABLE_STRICT_OBJC_MSGSEND = YES;
				GCC_C_LANGUAGE_STANDARD = gnu11;
				GCC_NO_COMMON_BLOCKS = YES;
				GCC_WARN_64_TO_32_BIT_CONVERSION = YES;
				GCC_WARN_ABOUT_RETURN_TYPE = YES_ERROR;
				GCC_WARN_UNDECLARED_SELECTOR = YES;
				GCC_WARN_UNINITIALIZED_AUTOS = YES_AGGRESSIVE;
				GCC_WARN_UNUSED_FUNCTION = YES;
				GCC_WARN_UNUSED_VARIABLE = YES;
				IPHONEOS_DEPLOYMENT_TARGET = 13.0;
				MTL_ENABLE_DEBUG_INFO = NO;
				MTL_FAST_MATH = YES;
				SDKROOT = iphoneos;
				SWIFT_COMPILATION_MODE = wholemodule;
				SWIFT_OPTIMIZATION_LEVEL = "-O";
				VALIDATE_PRODUCT = YES;
			};
			name = Release;
		};
		E72475722A0D49C600118192 /* Debug */ = {
			isa = XCBuildConfiguration;
			buildSettings = {
				ASSETCATALOG_COMPILER_APPICON_NAME = AppIcon;
				ASSETCATALOG_COMPILER_GLOBAL_ACCENT_COLOR_NAME = AccentColor;
				CODE_SIGN_STYLE = Automatic;
				CURRENT_PROJECT_VERSION = 1;
				DEVELOPMENT_TEAM = 9WC35YWH6U;
				GENERATE_INFOPLIST_FILE = YES;
				INFOPLIST_FILE = ImageFeed/Info.plist;
				INFOPLIST_KEY_UIApplicationSupportsIndirectInputEvents = YES;
				INFOPLIST_KEY_UILaunchStoryboardName = LaunchScreen;
				INFOPLIST_KEY_UIMainStoryboardFile = Main;
				INFOPLIST_KEY_UISupportedInterfaceOrientations = UIInterfaceOrientationPortrait;
				INFOPLIST_KEY_UISupportedInterfaceOrientations_iPad = "UIInterfaceOrientationLandscapeLeft UIInterfaceOrientationLandscapeRight UIInterfaceOrientationPortrait UIInterfaceOrientationPortraitUpsideDown";
				IPHONEOS_DEPLOYMENT_TARGET = 13;
				LD_RUNPATH_SEARCH_PATHS = (
					"$(inherited)",
					"@executable_path/Frameworks",
				);
				MARKETING_VERSION = 1.0;
				PRODUCT_BUNDLE_IDENTIFIER = onePoint.ImageFeed;
				PRODUCT_NAME = "$(TARGET_NAME)";
				SUPPORTED_PLATFORMS = "iphoneos iphonesimulator";
				SUPPORTS_MACCATALYST = NO;
				SUPPORTS_MAC_DESIGNED_FOR_IPHONE_IPAD = NO;
				SWIFT_EMIT_LOC_STRINGS = YES;
				SWIFT_VERSION = 5.0;
				TARGETED_DEVICE_FAMILY = 1;
			};
			name = Debug;
		};
		E72475732A0D49C600118192 /* Release */ = {
			isa = XCBuildConfiguration;
			buildSettings = {
				ASSETCATALOG_COMPILER_APPICON_NAME = AppIcon;
				ASSETCATALOG_COMPILER_GLOBAL_ACCENT_COLOR_NAME = AccentColor;
				CODE_SIGN_STYLE = Automatic;
				CURRENT_PROJECT_VERSION = 1;
				DEVELOPMENT_TEAM = 9WC35YWH6U;
				GENERATE_INFOPLIST_FILE = YES;
				INFOPLIST_FILE = ImageFeed/Info.plist;
				INFOPLIST_KEY_UIApplicationSupportsIndirectInputEvents = YES;
				INFOPLIST_KEY_UILaunchStoryboardName = LaunchScreen;
				INFOPLIST_KEY_UIMainStoryboardFile = Main;
				INFOPLIST_KEY_UISupportedInterfaceOrientations = UIInterfaceOrientationPortrait;
				INFOPLIST_KEY_UISupportedInterfaceOrientations_iPad = "UIInterfaceOrientationLandscapeLeft UIInterfaceOrientationLandscapeRight UIInterfaceOrientationPortrait UIInterfaceOrientationPortraitUpsideDown";
				IPHONEOS_DEPLOYMENT_TARGET = 13;
				LD_RUNPATH_SEARCH_PATHS = (
					"$(inherited)",
					"@executable_path/Frameworks",
				);
				MARKETING_VERSION = 1.0;
				PRODUCT_BUNDLE_IDENTIFIER = onePoint.ImageFeed;
				PRODUCT_NAME = "$(TARGET_NAME)";
				SUPPORTED_PLATFORMS = "iphoneos iphonesimulator";
				SUPPORTS_MACCATALYST = NO;
				SUPPORTS_MAC_DESIGNED_FOR_IPHONE_IPAD = NO;
				SWIFT_EMIT_LOC_STRINGS = YES;
				SWIFT_VERSION = 5.0;
				TARGETED_DEVICE_FAMILY = 1;
			};
			name = Release;
		};
/* End XCBuildConfiguration section */

/* Begin XCConfigurationList section */
		E72475582A0D49C400118192 /* Build configuration list for PBXProject "ImageFeed" */ = {
			isa = XCConfigurationList;
			buildConfigurations = (
				E724756F2A0D49C600118192 /* Debug */,
				E72475702A0D49C600118192 /* Release */,
			);
			defaultConfigurationIsVisible = 0;
			defaultConfigurationName = Release;
		};
		E72475712A0D49C600118192 /* Build configuration list for PBXNativeTarget "ImageFeed" */ = {
			isa = XCConfigurationList;
			buildConfigurations = (
				E72475722A0D49C600118192 /* Debug */,
				E72475732A0D49C600118192 /* Release */,
			);
			defaultConfigurationIsVisible = 0;
			defaultConfigurationName = Release;
		};
/* End XCConfigurationList section */

/* Begin XCRemoteSwiftPackageReference section */
		E73AC6E92A375E1000FEB08A /* XCRemoteSwiftPackageReference "ProgressHUD" */ = {
			isa = XCRemoteSwiftPackageReference;
			repositoryURL = "https://github.com/relatedcode/ProgressHUD";
			requirement = {
				kind = upToNextMajorVersion;
				minimumVersion = 13.0.0;
			};
		};
		E75529C42A43B434001E6722 /* XCRemoteSwiftPackageReference "Kingfisher" */ = {
			isa = XCRemoteSwiftPackageReference;
			repositoryURL = "https://github.com/onevcat/Kingfisher";
			requirement = {
				kind = upToNextMajorVersion;
				minimumVersion = 7.0.0;
			};
		};
		E75529C72A4465C7001E6722 /* XCRemoteSwiftPackageReference "SwiftKeychainWrapper" */ = {
			isa = XCRemoteSwiftPackageReference;
			repositoryURL = "https://github.com/jrendel/SwiftKeychainWrapper";
			requirement = {
				kind = upToNextMajorVersion;
				minimumVersion = 4.0.0;
			};
		};
/* End XCRemoteSwiftPackageReference section */

/* Begin XCSwiftPackageProductDependency section */
		E73AC6EA2A375E1000FEB08A /* ProgressHUD */ = {
			isa = XCSwiftPackageProductDependency;
			package = E73AC6E92A375E1000FEB08A /* XCRemoteSwiftPackageReference "ProgressHUD" */;
			productName = ProgressHUD;
		};
		E75529C52A43B434001E6722 /* Kingfisher */ = {
			isa = XCSwiftPackageProductDependency;
			package = E75529C42A43B434001E6722 /* XCRemoteSwiftPackageReference "Kingfisher" */;
			productName = Kingfisher;
		};
		E75529C82A4465C7001E6722 /* SwiftKeychainWrapper */ = {
			isa = XCSwiftPackageProductDependency;
			package = E75529C72A4465C7001E6722 /* XCRemoteSwiftPackageReference "SwiftKeychainWrapper" */;
			productName = SwiftKeychainWrapper;
		};
/* End XCSwiftPackageProductDependency section */
	};
	rootObject = E72475552A0D49C400118192 /* Project object */;
}
